
Microsoft Visual Studio Solution File, Format Version 12.00
# Visual Studio 2013
VisualStudioVersion = 12.0.30501.0
MinimumVisualStudioVersion = 10.0.40219.1
Project("{FAE04EC0-301F-11D3-BF4B-00C04F79EFBC}") = "001简单工厂模式", "软件设计模式\001简单工厂模式.csproj", "{BD4EA365-74F3-4F80-954C-5F6E05662E00}"
EndProject
Project("{FAE04EC0-301F-11D3-BF4B-00C04F79EFBC}") = "002工厂方法模式", "002工厂方法模式\002工厂方法模式.csproj", "{40421FF1-D9EA-4295-93A8-2E747695FEE1}"
EndProject
Project("{FAE04EC0-301F-11D3-BF4B-00C04F79EFBC}") = "003抽象工厂模式", "003抽象工厂模式\003抽象工厂模式.csproj", "{D8CB979D-3F09-4B17-86BA-3BFB9C299AE3}"
EndProject
Project("{FAE04EC0-301F-11D3-BF4B-00C04F79EFBC}") = "004建造者模式", "004建造者模式\004建造者模式.csproj", "{B928F97B-E052-43AC-9512-34392FCB6552}"
EndProject
Project("{FAE04EC0-301F-11D3-BF4B-00C04F79EFBC}") = "005原型模式", "005原型模式\005原型模式.csproj", "{EBBE08CF-BC5D-4A99-9170-097074F88CD3}"
EndProject
Project("{FAE04EC0-301F-11D3-BF4B-00C04F79EFBC}") = "006单例模式", "006单例模式\006单例模式.csproj", "{AE9865CF-4DFF-4F00-9590-DC5A62B028D1}"
EndProject
Project("{FAE04EC0-301F-11D3-BF4B-00C04F79EFBC}") = "007适配器模式", "007适配器模式\007适配器模式.csproj", "{A064B20F-B497-4C1F-B1FF-425D6F16C12E}"
EndProject
Project("{FAE04EC0-301F-11D3-BF4B-00C04F79EFBC}") = "008组合模式", "008组合模式\008组合模式.csproj", "{E51ECF79-80DC-4B5F-9F2D-54EFF45EAD87}"
EndProject
Project("{FAE04EC0-301F-11D3-BF4B-00C04F79EFBC}") = "009装饰模式", "009装饰模式\009装饰模式.csproj", "{4FE1A828-DDA2-4410-B38B-9EEF22315D47}"
EndProject
Project("{FAE04EC0-301F-11D3-BF4B-00C04F79EFBC}") = "009装饰模式2", "009装饰模式2\009装饰模式2.csproj", "{5DF43A0B-AFAA-41AE-8CF4-E618D1A7FF79}"
EndProject
Project("{FAE04EC0-301F-11D3-BF4B-00C04F79EFBC}") = "010外观模式", "010外观模式\010外观模式.csproj", "{2FB8E542-993B-4FDD-B92A-C80310380BD7}"
EndProject
Project("{FAE04EC0-301F-11D3-BF4B-00C04F79EFBC}") = "011代理模式", "011代理模式\011代理模式.csproj", "{93B06D19-7EAD-48F7-8DFE-00C457CB4D4C}"
EndProject
Project("{FAE04EC0-301F-11D3-BF4B-00C04F79EFBC}") = "007适配器模式2", "007适配器模式2\007适配器模式2.csproj", "{1DA72F78-8BAD-4D94-B9A4-F0EF2B76DA10}"
EndProject
Project("{FAE04EC0-301F-11D3-BF4B-00C04F79EFBC}") = "007适配器模式3", "007适配器3\007适配器模式3.csproj", "{7B5A9FC5-DDF4-4F28-B199-B8C0384ACC88}"
EndProject
Project("{FAE04EC0-301F-11D3-BF4B-00C04F79EFBC}") = "012职责链模式", "012职责链模式\012职责链模式.csproj", "{BB09D727-DE83-4205-A03A-F8CE23BB9309}"
EndProject
Project("{FAE04EC0-301F-11D3-BF4B-00C04F79EFBC}") = "013命令模式", "013命令模式\013命令模式.csproj", "{1A069111-714F-4C49-9DD7-B544F7FD47F0}"
EndProject
Global
	GlobalSection(SolutionConfigurationPlatforms) = preSolution
		Debug|Any CPU = Debug|Any CPU
		Release|Any CPU = Release|Any CPU
	EndGlobalSection
	GlobalSection(ProjectConfigurationPlatforms) = postSolution
		{BD4EA365-74F3-4F80-954C-5F6E05662E00}.Debug|Any CPU.ActiveCfg = Debug|Any CPU
		{BD4EA365-74F3-4F80-954C-5F6E05662E00}.Debug|Any CPU.Build.0 = Debug|Any CPU
		{BD4EA365-74F3-4F80-954C-5F6E05662E00}.Release|Any CPU.ActiveCfg = Release|Any CPU
		{BD4EA365-74F3-4F80-954C-5F6E05662E00}.Release|Any CPU.Build.0 = Release|Any CPU
		{40421FF1-D9EA-4295-93A8-2E747695FEE1}.Debug|Any CPU.ActiveCfg = Debug|Any CPU
		{40421FF1-D9EA-4295-93A8-2E747695FEE1}.Debug|Any CPU.Build.0 = Debug|Any CPU
		{40421FF1-D9EA-4295-93A8-2E747695FEE1}.Release|Any CPU.ActiveCfg = Release|Any CPU
		{40421FF1-D9EA-4295-93A8-2E747695FEE1}.Release|Any CPU.Build.0 = Release|Any CPU
		{D8CB979D-3F09-4B17-86BA-3BFB9C299AE3}.Debug|Any CPU.ActiveCfg = Debug|Any CPU
		{D8CB979D-3F09-4B17-86BA-3BFB9C299AE3}.Debug|Any CPU.Build.0 = Debug|Any CPU
		{D8CB979D-3F09-4B17-86BA-3BFB9C299AE3}.Release|Any CPU.ActiveCfg = Release|Any CPU
		{D8CB979D-3F09-4B17-86BA-3BFB9C299AE3}.Release|Any CPU.Build.0 = Release|Any CPU
		{B928F97B-E052-43AC-9512-34392FCB6552}.Debug|Any CPU.ActiveCfg = Debug|Any CPU
		{B928F97B-E052-43AC-9512-34392FCB6552}.Debug|Any CPU.Build.0 = Debug|Any CPU
		{B928F97B-E052-43AC-9512-34392FCB6552}.Release|Any CPU.ActiveCfg = Release|Any CPU
		{B928F97B-E052-43AC-9512-34392FCB6552}.Release|Any CPU.Build.0 = Release|Any CPU
		{EBBE08CF-BC5D-4A99-9170-097074F88CD3}.Debug|Any CPU.ActiveCfg = Debug|Any CPU
		{EBBE08CF-BC5D-4A99-9170-097074F88CD3}.Debug|Any CPU.Build.0 = Debug|Any CPU
		{EBBE08CF-BC5D-4A99-9170-097074F88CD3}.Release|Any CPU.ActiveCfg = Release|Any CPU
		{EBBE08CF-BC5D-4A99-9170-097074F88CD3}.Release|Any CPU.Build.0 = Release|Any CPU
		{AE9865CF-4DFF-4F00-9590-DC5A62B028D1}.Debug|Any CPU.ActiveCfg = Debug|Any CPU
		{AE9865CF-4DFF-4F00-9590-DC5A62B028D1}.Debug|Any CPU.Build.0 = Debug|Any CPU
		{AE9865CF-4DFF-4F00-9590-DC5A62B028D1}.Release|Any CPU.ActiveCfg = Release|Any CPU
		{AE9865CF-4DFF-4F00-9590-DC5A62B028D1}.Release|Any CPU.Build.0 = Release|Any CPU
		{A064B20F-B497-4C1F-B1FF-425D6F16C12E}.Debug|Any CPU.ActiveCfg = Debug|Any CPU
		{A064B20F-B497-4C1F-B1FF-425D6F16C12E}.Debug|Any CPU.Build.0 = Debug|Any CPU
		{A064B20F-B497-4C1F-B1FF-425D6F16C12E}.Release|Any CPU.ActiveCfg = Release|Any CPU
		{A064B20F-B497-4C1F-B1FF-425D6F16C12E}.Release|Any CPU.Build.0 = Release|Any CPU
		{E51ECF79-80DC-4B5F-9F2D-54EFF45EAD87}.Debug|Any CPU.ActiveCfg = Debug|Any CPU
		{E51ECF79-80DC-4B5F-9F2D-54EFF45EAD87}.Debug|Any CPU.Build.0 = Debug|Any CPU
		{E51ECF79-80DC-4B5F-9F2D-54EFF45EAD87}.Release|Any CPU.ActiveCfg = Release|Any CPU
		{E51ECF79-80DC-4B5F-9F2D-54EFF45EAD87}.Release|Any CPU.Build.0 = Release|Any CPU
		{4FE1A828-DDA2-4410-B38B-9EEF22315D47}.Debug|Any CPU.ActiveCfg = Debug|Any CPU
		{4FE1A828-DDA2-4410-B38B-9EEF22315D47}.Debug|Any CPU.Build.0 = Debug|Any CPU
		{4FE1A828-DDA2-4410-B38B-9EEF22315D47}.Release|Any CPU.ActiveCfg = Release|Any CPU
		{4FE1A828-DDA2-4410-B38B-9EEF22315D47}.Release|Any CPU.Build.0 = Release|Any CPU
		{5DF43A0B-AFAA-41AE-8CF4-E618D1A7FF79}.Debug|Any CPU.ActiveCfg = Debug|Any CPU
		{5DF43A0B-AFAA-41AE-8CF4-E618D1A7FF79}.Debug|Any CPU.Build.0 = Debug|Any CPU
		{5DF43A0B-AFAA-41AE-8CF4-E618D1A7FF79}.Release|Any CPU.ActiveCfg = Release|Any CPU
		{5DF43A0B-AFAA-41AE-8CF4-E618D1A7FF79}.Release|Any CPU.Build.0 = Release|Any CPU
		{2FB8E542-993B-4FDD-B92A-C80310380BD7}.Debug|Any CPU.ActiveCfg = Debug|Any CPU
		{2FB8E542-993B-4FDD-B92A-C80310380BD7}.Debug|Any CPU.Build.0 = Debug|Any CPU
		{2FB8E542-993B-4FDD-B92A-C80310380BD7}.Release|Any CPU.ActiveCfg = Release|Any CPU
		{2FB8E542-993B-4FDD-B92A-C80310380BD7}.Release|Any CPU.Build.0 = Release|Any CPU
		{93B06D19-7EAD-48F7-8DFE-00C457CB4D4C}.Debug|Any CPU.ActiveCfg = Debug|Any CPU
		{93B06D19-7EAD-48F7-8DFE-00C457CB4D4C}.Debug|Any CPU.Build.0 = Debug|Any CPU
		{93B06D19-7EAD-48F7-8DFE-00C457CB4D4C}.Release|Any CPU.ActiveCfg = Release|Any CPU
		{93B06D19-7EAD-48F7-8DFE-00C457CB4D4C}.Release|Any CPU.Build.0 = Release|Any CPU
		{1DA72F78-8BAD-4D94-B9A4-F0EF2B76DA10}.Debug|Any CPU.ActiveCfg = Debug|Any CPU
		{1DA72F78-8BAD-4D94-B9A4-F0EF2B76DA10}.Debug|Any CPU.Build.0 = Debug|Any CPU
		{1DA72F78-8BAD-4D94-B9A4-F0EF2B76DA10}.Release|Any CPU.ActiveCfg = Release|Any CPU
		{1DA72F78-8BAD-4D94-B9A4-F0EF2B76DA10}.Release|Any CPU.Build.0 = Release|Any CPU
		{7B5A9FC5-DDF4-4F28-B199-B8C0384ACC88}.Debug|Any CPU.ActiveCfg = Debug|Any CPU
		{7B5A9FC5-DDF4-4F28-B199-B8C0384ACC88}.Debug|Any CPU.Build.0 = Debug|Any CPU
		{7B5A9FC5-DDF4-4F28-B199-B8C0384ACC88}.Release|Any CPU.ActiveCfg = Release|Any CPU
		{7B5A9FC5-DDF4-4F28-B199-B8C0384ACC88}.Release|Any CPU.Build.0 = Release|Any CPU
		{BB09D727-DE83-4205-A03A-F8CE23BB9309}.Debug|Any CPU.ActiveCfg = Debug|Any CPU
		{BB09D727-DE83-4205-A03A-F8CE23BB9309}.Debug|Any CPU.Build.0 = Debug|Any CPU
		{BB09D727-DE83-4205-A03A-F8CE23BB9309}.Release|Any CPU.ActiveCfg = Release|Any CPU
		{BB09D727-DE83-4205-A03A-F8CE23BB9309}.Release|Any CPU.Build.0 = Release|Any CPU
		{1A069111-714F-4C49-9DD7-B544F7FD47F0}.Debug|Any CPU.ActiveCfg = Debug|Any CPU
		{1A069111-714F-4C49-9DD7-B544F7FD47F0}.Debug|Any CPU.Build.0 = Debug|Any CPU
		{1A069111-714F-4C49-9DD7-B544F7FD47F0}.Release|Any CPU.ActiveCfg = Release|Any CPU
		{1A069111-714F-4C49-9DD7-B544F7FD47F0}.Release|Any CPU.Build.0 = Release|Any CPU
	EndGlobalSection
	GlobalSection(SolutionProperties) = preSolution
		HideSolutionNode = FALSE
	EndGlobalSection
EndGlobal
